// !$*UTF8*$!
{
	archiveVersion = 1;
	classes = {
	};
	objectVersion = 50;
	objects = {

/* Begin PBXBuildFile section */
		940F95E12292C9B30012ADB5 /* body_scan_1.mp3 in Resources */ = {isa = PBXBuildFile; fileRef = 940F95E02292C9B30012ADB5 /* body_scan_1.mp3 */; };
		945950CD21F2910400DF128C /* breathing_practices.mp3 in Resources */ = {isa = PBXBuildFile; fileRef = 945950CC21F2910400DF128C /* breathing_practices.mp3 */; };
		94A0DBC621ECF6E000434710 /* AppDelegate.swift in Sources */ = {isa = PBXBuildFile; fileRef = 94A0DBC521ECF6E000434710 /* AppDelegate.swift */; };
		94A0DBC821ECF6E000434710 /* ViewController.swift in Sources */ = {isa = PBXBuildFile; fileRef = 94A0DBC721ECF6E000434710 /* ViewController.swift */; };
		94A0DBCB21ECF6E000434710 /* Main.storyboard in Resources */ = {isa = PBXBuildFile; fileRef = 94A0DBC921ECF6E000434710 /* Main.storyboard */; };
		94A0DBCD21ECF6E200434710 /* Assets.xcassets in Resources */ = {isa = PBXBuildFile; fileRef = 94A0DBCC21ECF6E200434710 /* Assets.xcassets */; };
		94A0DBD021ECF6E200434710 /* LaunchScreen.storyboard in Resources */ = {isa = PBXBuildFile; fileRef = 94A0DBCE21ECF6E200434710 /* LaunchScreen.storyboard */; };
		94A0DBD821ECFA7F00434710 /* MainTableViewController.swift in Sources */ = {isa = PBXBuildFile; fileRef = 94A0DBD721ECFA7F00434710 /* MainTableViewController.swift */; };
		94A0DBDA21ED389200434710 /* PrefaceViewController.swift in Sources */ = {isa = PBXBuildFile; fileRef = 94A0DBD921ED389200434710 /* PrefaceViewController.swift */; };
/* End PBXBuildFile section */

/* Begin PBXFileReference section */
		940F95E02292C9B30012ADB5 /* body_scan_1.mp3 */ = {isa = PBXFileReference; lastKnownFileType = audio.mp3; path = body_scan_1.mp3; sourceTree = "<group>"; };
		945950CC21F2910400DF128C /* breathing_practices.mp3 */ = {isa = PBXFileReference; lastKnownFileType = audio.mp3; path = breathing_practices.mp3; sourceTree = "<group>"; };
		94A0DBC221ECF6E000434710 /* ListeningToBodies.app */ = {isa = PBXFileReference; explicitFileType = wrapper.application; includeInIndex = 0; path = ListeningToBodies.app; sourceTree = BUILT_PRODUCTS_DIR; };
		94A0DBC521ECF6E000434710 /* AppDelegate.swift */ = {isa = PBXFileReference; lastKnownFileType = sourcecode.swift; path = AppDelegate.swift; sourceTree = "<group>"; };
		94A0DBC721ECF6E000434710 /* ViewController.swift */ = {isa = PBXFileReference; lastKnownFileType = sourcecode.swift; path = ViewController.swift; sourceTree = "<group>"; };
		94A0DBCA21ECF6E000434710 /* Base */ = {isa = PBXFileReference; lastKnownFileType = file.storyboard; name = Base; path = Base.lproj/Main.storyboard; sourceTree = "<group>"; };
		94A0DBCC21ECF6E200434710 /* Assets.xcassets */ = {isa = PBXFileReference; lastKnownFileType = folder.assetcatalog; path = Assets.xcassets; sourceTree = "<group>"; };
		94A0DBCF21ECF6E200434710 /* Base */ = {isa = PBXFileReference; lastKnownFileType = file.storyboard; name = Base; path = Base.lproj/LaunchScreen.storyboard; sourceTree = "<group>"; };
		94A0DBD121ECF6E200434710 /* Info.plist */ = {isa = PBXFileReference; lastKnownFileType = text.plist.xml; path = Info.plist; sourceTree = "<group>"; };
		94A0DBD721ECFA7F00434710 /* MainTableViewController.swift */ = {isa = PBXFileReference; lastKnownFileType = sourcecode.swift; path = MainTableViewController.swift; sourceTree = "<group>"; };
		94A0DBD921ED389200434710 /* PrefaceViewController.swift */ = {isa = PBXFileReference; lastKnownFileType = sourcecode.swift; path = PrefaceViewController.swift; sourceTree = "<group>"; };
/* End PBXFileReference section */

/* Begin PBXFrameworksBuildPhase section */
		94A0DBBF21ECF6E000434710 /* Frameworks */ = {
			isa = PBXFrameworksBuildPhase;
			buildActionMask = 2147483647;
			files = (
			);
			runOnlyForDeploymentPostprocessing = 0;
		};
/* End PBXFrameworksBuildPhase section */

/* Begin PBXGroup section */
		94015125223965C100BC8493 /* Audio */ = {
			isa = PBXGroup;
			children = (
				945950CC21F2910400DF128C /* breathing_practices.mp3 */,
				940F95E02292C9B30012ADB5 /* body_scan_1.mp3 */,
			);
			path = Audio;
			sourceTree = "<group>";
		};
		94A0DBB921ECF6E000434710 = {
			isa = PBXGroup;
			children = (
				94A0DBC421ECF6E000434710 /* ListeningToBodies */,
				94015125223965C100BC8493 /* Audio */,
				94A0DBC321ECF6E000434710 /* Products */,
			);
			sourceTree = "<group>";
		};
		94A0DBC321ECF6E000434710 /* Products */ = {
			isa = PBXGroup;
			children = (
				94A0DBC221ECF6E000434710 /* ListeningToBodies.app */,
			);
			name = Products;
			sourceTree = "<group>";
		};
		94A0DBC421ECF6E000434710 /* ListeningToBodies */ = {
			isa = PBXGroup;
			children = (
				94A0DBC521ECF6E000434710 /* AppDelegate.swift */,
				94A0DBC721ECF6E000434710 /* ViewController.swift */,
				94A0DBC921ECF6E000434710 /* Main.storyboard */,
				94A0DBD721ECFA7F00434710 /* MainTableViewController.swift */,
				94A0DBD921ED389200434710 /* PrefaceViewController.swift */,
				94A0DBCC21ECF6E200434710 /* Assets.xcassets */,
				94A0DBCE21ECF6E200434710 /* LaunchScreen.storyboard */,
				94A0DBD121ECF6E200434710 /* Info.plist */,
			);
			path = ListeningToBodies;
			sourceTree = "<group>";
		};
/* End PBXGroup section */

/* Begin PBXNativeTarget section */
		94A0DBC121ECF6E000434710 /* ListeningToBodies */ = {
			isa = PBXNativeTarget;
			buildConfigurationList = 94A0DBD421ECF6E200434710 /* Build configuration list for PBXNativeTarget "ListeningToBodies" */;
			buildPhases = (
				94A0DBBE21ECF6E000434710 /* Sources */,
				94A0DBBF21ECF6E000434710 /* Frameworks */,
				94A0DBC021ECF6E000434710 /* Resources */,
			);
			buildRules = (
			);
			dependencies = (
			);
			name = ListeningToBodies;
			productName = ListeningToBodies;
			productReference = 94A0DBC221ECF6E000434710 /* ListeningToBodies.app */;
			productType = "com.apple.product-type.application";
		};
/* End PBXNativeTarget section */

/* Begin PBXProject section */
		94A0DBBA21ECF6E000434710 /* Project object */ = {
			isa = PBXProject;
			attributes = {
				LastSwiftUpdateCheck = 1010;
				LastUpgradeCheck = 1010;
				ORGANIZATIONNAME = "James Slusser";
				TargetAttributes = {
					94A0DBC121ECF6E000434710 = {
						CreatedOnToolsVersion = 10.1;
					};
				};
			};
			buildConfigurationList = 94A0DBBD21ECF6E000434710 /* Build configuration list for PBXProject "ListeningToBodies" */;
			compatibilityVersion = "Xcode 9.3";
			developmentRegion = en;
			hasScannedForEncodings = 0;
			knownRegions = (
				en,
				Base,
			);
			mainGroup = 94A0DBB921ECF6E000434710;
			productRefGroup = 94A0DBC321ECF6E000434710 /* Products */;
			projectDirPath = "";
			projectRoot = "";
			targets = (
				94A0DBC121ECF6E000434710 /* ListeningToBodies */,
			);
		};
/* End PBXProject section */

/* Begin PBXResourcesBuildPhase section */
		94A0DBC021ECF6E000434710 /* Resources */ = {
			isa = PBXResourcesBuildPhase;
			buildActionMask = 2147483647;
			files = (
				940F95E12292C9B30012ADB5 /* body_scan_1.mp3 in Resources */,
				94A0DBD021ECF6E200434710 /* LaunchScreen.storyboard in Resources */,
				94A0DBCD21ECF6E200434710 /* Assets.xcassets in Resources */,
				945950CD21F2910400DF128C /* breathing_practices.mp3 in Resources */,
				94A0DBCB21ECF6E000434710 /* Main.storyboard in Resources */,
			);
			runOnlyForDeploymentPostprocessing = 0;
		};
/* End PBXResourcesBuildPhase section */

/* Begin PBXSourcesBuildPhase section */
		94A0DBBE21ECF6E000434710 /* Sources */ = {
			isa = PBXSourcesBuildPhase;
			buildActionMask = 2147483647;
			files = (
				94A0DBC821ECF6E000434710 /* ViewController.swift in Sources */,
				94A0DBD821ECFA7F00434710 /* MainTableViewController.swift in Sources */,
				94A0DBC621ECF6E000434710 /* AppDelegate.swift in Sources */,
				94A0DBDA21ED389200434710 /* PrefaceViewController.swift in Sources */,
			);
			runOnlyForDeploymentPostprocessing = 0;
		};
/* End PBXSourcesBuildPhase section */

/* Begin PBXVariantGroup section */
		94A0DBC921ECF6E000434710 /* Main.storyboard */ = {
			isa = PBXVariantGroup;
			children = (
				94A0DBCA21ECF6E000434710 /* Base */,
			);
			name = Main.storyboard;
			sourceTree = "<group>";
		};
		94A0DBCE21ECF6E200434710 /* LaunchScreen.storyboard */ = {
			isa = PBXVariantGroup;
			children = (
				94A0DBCF21ECF6E200434710 /* Base */,
			);
			name = LaunchScreen.storyboard;
			sourceTree = "<group>";
		};
/* End PBXVariantGroup section */

/* Begin XCBuildConfiguration section */
		94A0DBD221ECF6E200434710 /* Debug */ = {
			isa = XCBuildConfiguration;
			buildSettings = {
				ALWAYS_SEARCH_USER_PATHS = NO;
				CLANG_ANALYZER_NONNULL = YES;
				CLANG_ANALYZER_NUMBER_OBJECT_CONVERSION = YES_AGGRESSIVE;
				CLANG_CXX_LANGUAGE_STANDARD = "gnu++14";
				CLANG_CXX_LIBRARY = "libc++";
				CLANG_ENABLE_MODULES = YES;
				CLANG_ENABLE_OBJC_ARC = YES;
				CLANG_ENABLE_OBJC_WEAK = YES;
				CLANG_WARN_BLOCK_CAPTURE_AUTORELEASING = YES;
				CLANG_WARN_BOOL_CONVERSION = YES;
				CLANG_WARN_COMMA = YES;
				CLANG_WARN_CONSTANT_CONVERSION = YES;
				CLANG_WARN_DEPRECATED_OBJC_IMPLEMENTATIONS = YES;
				CLANG_WARN_DIRECT_OBJC_ISA_USAGE = YES_ERROR;
				CLANG_WARN_DOCUMENTATION_COMMENTS = YES;
				CLANG_WARN_EMPTY_BODY = YES;
				CLANG_WARN_ENUM_CONVERSION = YES;
				CLANG_WARN_INFINITE_RECURSION = YES;
				CLANG_WARN_INT_CONVERSION = YES;
				CLANG_WARN_NON_LITERAL_NULL_CONVERSION = YES;
				CLANG_WARN_OBJC_IMPLICIT_RETAIN_SELF = YES;
				CLANG_WARN_OBJC_LITERAL_CONVERSION = YES;
				CLANG_WARN_OBJC_ROOT_CLASS = YES_ERROR;
				CLANG_WARN_RANGE_LOOP_ANALYSIS = YES;
				CLANG_WARN_STRICT_PROTOTYPES = YES;
				CLANG_WARN_SUSPICIOUS_MOVE = YES;
				CLANG_WARN_UNGUARDED_AVAILABILITY = YES_AGGRESSIVE;
				CLANG_WARN_UNREACHABLE_CODE = YES;
				CLANG_WARN__DUPLICATE_METHOD_MATCH = YES;
				CODE_SIGN_IDENTITY = "iPhone Developer";
				COPY_PHASE_STRIP = NO;
				DEBUG_INFORMATION_FORMAT = dwarf;
				ENABLE_STRICT_OBJC_MSGSEND = YES;
				ENABLE_TESTABILITY = YES;
				GCC_C_LANGUAGE_STANDARD = gnu11;
				GCC_DYNAMIC_NO_PIC = NO;
				GCC_NO_COMMON_BLOCKS = YES;
				GCC_OPTIMIZATION_LEVEL = 0;
				GCC_PREPROCESSOR_DEFINITIONS = (
					"DEBUG=1",
					"$(inherited)",
				);
				GCC_WARN_64_TO_32_BIT_CONVERSION = YES;
				GCC_WARN_ABOUT_RETURN_TYPE = YES_ERROR;
				GCC_WARN_UNDECLARED_SELECTOR = YES;
				GCC_WARN_UNINITIALIZED_AUTOS = YES_AGGRESSIVE;
				GCC_WARN_UNUSED_FUNCTION = YES;
				GCC_WARN_UNUSED_VARIABLE = YES;
				IPHONEOS_DEPLOYMENT_TARGET = 12.1;
				MTL_ENABLE_DEBUG_INFO = INCLUDE_SOURCE;
				MTL_FAST_MATH = YES;
				ONLY_ACTIVE_ARCH = YES;
				SDKROOT = iphoneos;
				SWIFT_ACTIVE_COMPILATION_CONDITIONS = DEBUG;
				SWIFT_OPTIMIZATION_LEVEL = "-Onone";
			};
			name = Debug;
		};
		94A0DBD321ECF6E200434710 /* Release */ = {
			isa = XCBuildConfiguration;
			buildSettings = {
				ALWAYS_SEARCH_USER_PATHS = NO;
				CLANG_ANALYZER_NONNULL = YES;
				CLANG_ANALYZER_NUMBER_OBJECT_CONVERSION = YES_AGGRESSIVE;
				CLANG_CXX_LANGUAGE_STANDARD = "gnu++14";
				CLANG_CXX_LIBRARY = "libc++";
				CLANG_ENABLE_MODULES = YES;
				CLANG_ENABLE_OBJC_ARC = YES;
				CLANG_ENABLE_OBJC_WEAK = YES;
				CLANG_WARN_BLOCK_CAPTURE_AUTORELEASING = YES;
				CLANG_WARN_BOOL_CONVERSION = YES;
				CLANG_WARN_COMMA = YES;
				CLANG_WARN_CONSTANT_CONVERSION = YES;
				CLANG_WARN_DEPRECATED_OBJC_IMPLEMENTATIONS = YES;
				CLANG_WARN_DIRECT_OBJC_ISA_USAGE = YES_ERROR;
				CLANG_WARN_DOCUMENTATION_COMMENTS = YES;
				CLANG_WARN_EMPTY_BODY = YES;
				CLANG_WARN_ENUM_CONVERSION = YES;
				CLANG_WARN_INFINITE_RECURSION = YES;
				CLANG_WARN_INT_CONVERSION = YES;
				CLANG_WARN_NON_LITERAL_NULL_CONVERSION = YES;
				CLANG_WARN_OBJC_IMPLICIT_RETAIN_SELF = YES;
				CLANG_WARN_OBJC_LITERAL_CONVERSION = YES;
				CLANG_WARN_OBJC_ROOT_CLASS = YES_ERROR;
				CLANG_WARN_RANGE_LOOP_ANALYSIS = YES;
				CLANG_WARN_STRICT_PROTOTYPES = YES;
				CLANG_WARN_SUSPICIOUS_MOVE = YES;
				CLANG_WARN_UNGUARDED_AVAILABILITY = YES_AGGRESSIVE;
				CLANG_WARN_UNREACHABLE_CODE = YES;
				CLANG_WARN__DUPLICATE_METHOD_MATCH = YES;
				CODE_SIGN_IDENTITY = "iPhone Developer";
				COPY_PHASE_STRIP = NO;
				DEBUG_INFORMATION_FORMAT = "dwarf-with-dsym";
				ENABLE_NS_ASSERTIONS = NO;
				ENABLE_STRICT_OBJC_MSGSEND = YES;
				GCC_C_LANGUAGE_STANDARD = gnu11;
				GCC_NO_COMMON_BLOCKS = YES;
				GCC_WARN_64_TO_32_BIT_CONVERSION = YES;
				GCC_WARN_ABOUT_RETURN_TYPE = YES_ERROR;
				GCC_WARN_UNDECLARED_SELECTOR = YES;
				GCC_WARN_UNINITIALIZED_AUTOS = YES_AGGRESSIVE;
				GCC_WARN_UNUSED_FUNCTION = YES;
				GCC_WARN_UNUSED_VARIABLE = YES;
				IPHONEOS_DEPLOYMENT_TARGET = 12.1;
				MTL_ENABLE_DEBUG_INFO = NO;
				MTL_FAST_MATH = YES;
				SDKROOT = iphoneos;
				SWIFT_COMPILATION_MODE = wholemodule;
				SWIFT_OPTIMIZATION_LEVEL = "-O";
				VALIDATE_PRODUCT = YES;
			};
			name = Release;
		};
		94A0DBD521ECF6E200434710 /* Debug */ = {
			isa = XCBuildConfiguration;
			buildSettings = {
				ASSETCATALOG_COMPILER_APPICON_NAME = AppIcon;
				CODE_SIGN_STYLE = Automatic;
				DEVELOPMENT_TEAM = K373EY5YU9;
				INFOPLIST_FILE = ListeningToBodies/Info.plist;
				LD_RUNPATH_SEARCH_PATHS = (
					"$(inherited)",
					"@executable_path/Frameworks",
				);
				PRODUCT_BUNDLE_IDENTIFIER = co.kurkuma.ListeningToBodies;
				PRODUCT_NAME = "$(TARGET_NAME)";
				SWIFT_VERSION = 4.2;
				TARGETED_DEVICE_FAMILY = "1,2";
			};
			name = Debug;
		};
		94A0DBD621ECF6E200434710 /* Release */ = {
			isa = XCBuildConfiguration;
			buildSettings = {
				ASSETCATALOG_COMPILER_APPICON_NAME = AppIcon;
				CODE_SIGN_STYLE = Automatic;
				DEVELOPMENT_TEAM = K373EY5YU9;
				INFOPLIST_FILE = ListeningToBodies/Info.plist;
				LD_RUNPATH_SEARCH_PATHS = (
					"$(inherited)",
					"@executable_path/Frameworks",
				);
				PRODUCT_BUNDLE_IDENTIFIER = co.kurkuma.ListeningToBodies;
				PRODUCT_NAME = "$(TARGET_NAME)";
				SWIFT_VERSION = 4.2;
				TARGETED_DEVICE_FAMILY = "1,2";
			};
			name = Release;
		};
/* End XCBuildConfiguration section */

/* Begin XCConfigurationList section */
		94A0DBBD21ECF6E000434710 /* Build configuration list for PBXProject "ListeningToBodies" */ = {
			isa = XCConfigurationList;
			buildConfigurations = (
				94A0DBD221ECF6E200434710 /* Debug */,
				94A0DBD321ECF6E200434710 /* Release */,
			);
			defaultConfigurationIsVisible = 0;
			defaultConfigurationName = Release;
		};
		94A0DBD421ECF6E200434710 /* Build configuration list for PBXNativeTarget "ListeningToBodies" */ = {
			isa = XCConfigurationList;
			buildConfigurations = (
				94A0DBD521ECF6E200434710 /* Debug */,
				94A0DBD621ECF6E200434710 /* Release */,
			);
			defaultConfigurationIsVisible = 0;
			defaultConfigurationName = Release;
		};
/* End XCConfigurationList section */
	};
	rootObject = 94A0DBBA21ECF6E000434710 /* Project object */;
}
